
Microsoft Visual Studio Solution File, Format Version 12.00
# Visual Studio Version 16
VisualStudioVersion = 16.0.30225.117
MinimumVisualStudioVersion = 10.0.40219.1
Project("{FAE04EC0-301F-11D3-BF4B-00C04F79EFBC}") = "FileReader", "FileReader\FileReader.csproj", "{FCF71270-793D-47F9-8A22-D722A9D1187C}"
EndProject
Global
	GlobalSection(SolutionConfigurationPlatforms) = preSolution
		Debug|Any CPU = Debug|Any CPU
		Release|Any CPU = Release|Any CPU
	EndGlobalSection
	GlobalSection(ProjectConfigurationPlatforms) = postSolution
		{FCF71270-793D-47F9-8A22-D722A9D1187C}.Debug|Any CPU.ActiveCfg = Debug|Any CPU
		{FCF71270-793D-47F9-8A22-D722A9D1187C}.Debug|Any CPU.Build.0 = Debug|Any CPU
		{FCF71270-793D-47F9-8A22-D722A9D1187C}.Release|Any CPU.ActiveCfg = Release|Any CPU
		{FCF71270-793D-47F9-8A22-D722A9D1187C}.Release|Any CPU.Build.0 = Release|Any CPU
	EndGlobalSection
	GlobalSection(SolutionProperties) = preSolution
		HideSolutionNode = FALSE
	EndGlobalSection
	GlobalSection(ExtensibilityGlobals) = postSolution
		SolutionGuid = {7F9F9C8A-6B0D-450F-840C-16E7D956A2C0}
	EndGlobalSection
EndGlobal
